
Microsoft Visual Studio Solution File, Format Version 12.00
# Visual Studio 2013
VisualStudioVersion = 12.0.21005.1
MinimumVisualStudioVersion = 10.0.40219.1
Project("{8BC9CEB8-8B4A-11D0-8D11-00A0C91BC942}") = "CPP_13.6.1_use abstract base class_15.2.3", "CPP_13.6.1_use abstract base class_15.2.3\CPP_13.6.1_use abstract base class_15.2.3.vcxproj", "{DB585142-3035-4776-9D00-376CE3B86E20}"
EndProject
Global
	GlobalSection(SolutionConfigurationPlatforms) = preSolution
		Debug|Win32 = Debug|Win32
		Release|Win32 = Release|Win32
	EndGlobalSection
	GlobalSection(ProjectConfigurationPlatforms) = postSolution
		{DB585142-3035-4776-9D00-376CE3B86E20}.Debug|Win32.ActiveCfg = Debug|Win32
		{DB585142-3035-4776-9D00-376CE3B86E20}.Debug|Win32.Build.0 = Debug|Win32
		{DB585142-3035-4776-9D00-376CE3B86E20}.Release|Win32.ActiveCfg = Release|Win32
		{DB585142-3035-4776-9D00-376CE3B86E20}.Release|Win32.Build.0 = Release|Win32
	EndGlobalSection
	GlobalSection(SolutionProperties) = preSolution
		HideSolutionNode = FALSE
	EndGlobalSection
EndGlobal
