
Microsoft Visual Studio Solution File, Format Version 12.00
# Visual Studio 2013
VisualStudioVersion = 12.0.21005.1
MinimumVisualStudioVersion = 10.0.40219.1
Project("{8BC9CEB8-8B4A-11D0-8D11-00A0C91BC942}") = "CPP5_6-8_14.10.20", "CPP5_6-8_14.10.20\CPP5_6-8_14.10.20.vcxproj", "{5304D019-A55A-49E1-A21B-EEFCB7462B51}"
EndProject
Global
	GlobalSection(SolutionConfigurationPlatforms) = preSolution
		Debug|Win32 = Debug|Win32
		Release|Win32 = Release|Win32
	EndGlobalSection
	GlobalSection(ProjectConfigurationPlatforms) = postSolution
		{5304D019-A55A-49E1-A21B-EEFCB7462B51}.Debug|Win32.ActiveCfg = Debug|Win32
		{5304D019-A55A-49E1-A21B-EEFCB7462B51}.Debug|Win32.Build.0 = Debug|Win32
		{5304D019-A55A-49E1-A21B-EEFCB7462B51}.Release|Win32.ActiveCfg = Release|Win32
		{5304D019-A55A-49E1-A21B-EEFCB7462B51}.Release|Win32.Build.0 = Release|Win32
	EndGlobalSection
	GlobalSection(SolutionProperties) = preSolution
		HideSolutionNode = FALSE
	EndGlobalSection
EndGlobal
