
Microsoft Visual Studio Solution File, Format Version 12.00
# Visual Studio 2013
VisualStudioVersion = 12.0.21005.1
MinimumVisualStudioVersion = 10.0.40219.1
Project("{8BC9CEB8-8B4A-11D0-8D11-00A0C91BC942}") = "CPP_13.3_Polymorphic Public Inheritance_15.1.30", "CPP_13.3_Polymorphic Public Inheritance_15.1.30\CPP_13.3_Polymorphic Public Inheritance_15.1.30.vcxproj", "{DE49D2C4-6C4A-4F14-9BA0-C6AE8993B27F}"
EndProject
Global
	GlobalSection(SolutionConfigurationPlatforms) = preSolution
		Debug|Win32 = Debug|Win32
		Release|Win32 = Release|Win32
	EndGlobalSection
	GlobalSection(ProjectConfigurationPlatforms) = postSolution
		{DE49D2C4-6C4A-4F14-9BA0-C6AE8993B27F}.Debug|Win32.ActiveCfg = Debug|Win32
		{DE49D2C4-6C4A-4F14-9BA0-C6AE8993B27F}.Debug|Win32.Build.0 = Debug|Win32
		{DE49D2C4-6C4A-4F14-9BA0-C6AE8993B27F}.Release|Win32.ActiveCfg = Release|Win32
		{DE49D2C4-6C4A-4F14-9BA0-C6AE8993B27F}.Release|Win32.Build.0 = Release|Win32
	EndGlobalSection
	GlobalSection(SolutionProperties) = preSolution
		HideSolutionNode = FALSE
	EndGlobalSection
EndGlobal
