
Microsoft Visual Studio Solution File, Format Version 12.00
# Visual Studio 2013
VisualStudioVersion = 12.0.21005.1
MinimumVisualStudioVersion = 10.0.40219.1
Project("{8BC9CEB8-8B4A-11D0-8D11-00A0C91BC942}") = "8.2.6_object inherit reference_14.10.30", "8.2.6_object inherit reference_14.10.30\8.2.6_object inherit reference_14.10.30.vcxproj", "{94DDD2D4-9D86-4DAB-973E-302E7CB96219}"
EndProject
Global
	GlobalSection(SolutionConfigurationPlatforms) = preSolution
		Debug|Win32 = Debug|Win32
		Release|Win32 = Release|Win32
	EndGlobalSection
	GlobalSection(ProjectConfigurationPlatforms) = postSolution
		{94DDD2D4-9D86-4DAB-973E-302E7CB96219}.Debug|Win32.ActiveCfg = Debug|Win32
		{94DDD2D4-9D86-4DAB-973E-302E7CB96219}.Debug|Win32.Build.0 = Debug|Win32
		{94DDD2D4-9D86-4DAB-973E-302E7CB96219}.Release|Win32.ActiveCfg = Release|Win32
		{94DDD2D4-9D86-4DAB-973E-302E7CB96219}.Release|Win32.Build.0 = Release|Win32
	EndGlobalSection
	GlobalSection(SolutionProperties) = preSolution
		HideSolutionNode = FALSE
	EndGlobalSection
EndGlobal
